<?xml version="1.0" encoding="utf-8"?>
<Project ToolsVersion="4.0" xmlns="http://schemas.microsoft.com/developer/msbuild/2003">
  <ItemGroup>
    <Filter Include="Source Files">
      <UniqueIdentifier>{4FC737F1-C7A5-4376-A066-2A32D752A2FF}</UniqueIdentifier>
      <Extensions>cpp;c;cc;cxx;c++;def;odl;idl;hpj;bat;asm;asmx</Extensions>
    </Filter>
    <Filter Include="Header Files">
      <UniqueIdentifier>{93995380-89BD-4b04-88EB-625FBE52EBFB}</UniqueIdentifier>
      <Extensions>h;hh;hpp;hxx;h++;hm;inl;inc;ipp;xsd</Extensions>
    </Filter>
    <Filter Include="Shader Stuff">
      <UniqueIdentifier>{80036769-ef2f-4b05-9b5b-2994d90eea0f}</UniqueIdentifier>
    </Filter>
    <Filter Include="VAO and Model">
      <UniqueIdentifier>{d5277e28-bb31-4969-ad2d-269acb70b7f5}</UniqueIdentifier>
    </Filter>
  </ItemGroup>
  <ItemGroup>
    <ClCompile Include="theMain.cpp">
      <Filter>Source Files</Filter>
    </ClCompile>
    <ClCompile Include="glad.c">
      <Filter>Source Files</Filter>
    </ClCompile>
    <ClCompile Include="cShader.cpp">
      <Filter>Shader Stuff</Filter>
    </ClCompile>
    <ClCompile Include="cShaderManager.cpp">
      <Filter>Shader Stuff</Filter>
    </ClCompile>
    <ClCompile Include="cVAOManager.cpp">
      <Filter>VAO and Model</Filter>
    </ClCompile>
    <ClCompile Include="cMeshObject.cpp">
      <Filter>Source Files</Filter>
    </ClCompile>
    <ClCompile Include="LoadAllTheModels.cpp">
      <Filter>Source Files</Filter>
    </ClCompile>
    <ClCompile Include="IOKeyboardMouse.cpp">
      <Filter>Source Files</Filter>
    </ClCompile>
    <ClCompile Include="LightManager\cLightHelper.cpp">
      <Filter>Source Files</Filter>
    </ClCompile>
    <ClCompile Include="LightManager\cLightManager.cpp">
      <Filter>Source Files</Filter>
    </ClCompile>
    <ClCompile Include="BasicTextureManager\cBasicTextureManager.cpp">
      <Filter>Source Files</Filter>
    </ClCompile>
    <ClCompile Include="BasicTextureManager\CTextureFromBMP.cpp">
      <Filter>Source Files</Filter>
    </ClCompile>
    <ClCompile Include="BasicTextureManager\C24BitBMPpixel.cpp">
      <Filter>Source Files</Filter>
    </ClCompile>
  </ItemGroup>
  <ItemGroup>
    <ClInclude Include="cShaderManager.h">
      <Filter>Shader Stuff</Filter>
    </ClInclude>
    <ClInclude Include="cVAOManager.h">
      <Filter>VAO and Model</Filter>
    </ClInclude>
    <ClInclude Include="globalOpenGLStuff.h">
      <Filter>Header Files</Filter>
    </ClInclude>
    <ClInclude Include="cMeshObject.h">
      <Filter>Header Files</Filter>
    </ClInclude>
    <ClInclude Include="globalThings.h">
      <Filter>Header Files</Filter>
    </ClInclude>
    <ClInclude Include="LightManager\cLightHelper.h">
      <Filter>Header Files</Filter>
    </ClInclude>
    <ClInclude Include="LightManager\cLightManager.h">
      <Filter>Header Files</Filter>
    </ClInclude>
    <ClInclude Include="BasicTextureManager\cBasicTextureManager.h">
      <Filter>Header Files</Filter>
    </ClInclude>
    <ClInclude Include="BasicTextureManager\CTextureFromBMP.h">
      <Filter>Header Files</Filter>
    </ClInclude>
    <ClInclude Include="BasicTextureManager\C24BitBMPpixel.h">
      <Filter>Header Files</Filter>
    </ClInclude>
  </ItemGroup>
  <ItemGroup>
    <None Include="simpleFragment.glsl">
      <Filter>Shader Stuff</Filter>
    </None>
    <None Include="simpleVertex.glsl">
      <Filter>Shader Stuff</Filter>
    </None>
  </ItemGroup>
</Project>